
Microsoft Visual Studio Solution File, Format Version 12.00
# Visual Studio Version 17
VisualStudioVersion = 17.14.36301.6 d17.14
MinimumVisualStudioVersion = 10.0.40219.1
Project("{FAE04EC0-301F-11D3-BF4B-00C04F79EFBC}") = "Exiled.Example", "Exiled.Example.csproj", "{0EAD425B-9219-EF0B-4F67-6674E4EFA19C}"
EndProject
Global
	GlobalSection(SolutionConfigurationPlatforms) = preSolution
		Debug|Any CPU = Debug|Any CPU
		Installer|Any CPU = Installer|Any CPU
		Release|Any CPU = Release|Any CPU
	EndGlobalSection
	GlobalSection(ProjectConfigurationPlatforms) = postSolution
		{0EAD425B-9219-EF0B-4F67-6674E4EFA19C}.Debug|Any CPU.ActiveCfg = Debug|Any CPU
		{0EAD425B-9219-EF0B-4F67-6674E4EFA19C}.Debug|Any CPU.Build.0 = Debug|Any CPU
		{0EAD425B-9219-EF0B-4F67-6674E4EFA19C}.Installer|Any CPU.ActiveCfg = Installer|Any CPU
		{0EAD425B-9219-EF0B-4F67-6674E4EFA19C}.Installer|Any CPU.Build.0 = Installer|Any CPU
		{0EAD425B-9219-EF0B-4F67-6674E4EFA19C}.Release|Any CPU.ActiveCfg = Release|Any CPU
		{0EAD425B-9219-EF0B-4F67-6674E4EFA19C}.Release|Any CPU.Build.0 = Release|Any CPU
	EndGlobalSection
	GlobalSection(SolutionProperties) = preSolution
		HideSolutionNode = FALSE
	EndGlobalSection
	GlobalSection(ExtensibilityGlobals) = postSolution
		SolutionGuid = {885B17A6-CA33-49E9-A129-0CA0DC6A7437}
	EndGlobalSection
EndGlobal
